{
  "name": "admin",
  "lockfileVersion": 3,
  "requires": true,
  "packages": {
    "": {
      "dependencies": {
        "@hotwired/turbo": "^8.0.18",
        "@stimulus-components/sortable": "^5.0.2",
        "filepond": "^4.32.9",
        "filepond-plugin-file-validate-type": "^1.2.9",
        "filepond-plugin-image-preview": "^4.6.12",
        "lightgallery": "^2.9.0",
        "sortablejs": "^1.15.6"
      }
    },
    "node_modules/@hotwired/stimulus": {
      "version": "3.2.2",
      "resolved": "https://registry.npmjs.org/@hotwired/stimulus/-/stimulus-3.2.2.tgz",
      "integrity": "sha512-eGeIqNOQpXoPAIP7tC1+1Yc1yl1xnwYqg+3mzqxyrbE5pg5YFBZcA6YoTiByJB6DKAEsiWtl6tjTJS4IYtbB7A==",
      "license": "MIT",
      "peer": true
    },
    "node_modules/@hotwired/turbo": {
      "version": "8.0.18",
      "resolved": "https://registry.npmjs.org/@hotwired/turbo/-/turbo-8.0.18.tgz",
      "integrity": "sha512-dG0N7khQsP8sujclodQE3DYkI4Lq7uKA04fhT0DCC/DwMgn4T4WM3aji6EC6+iCfABQeJncY0SraXqVeOq0vvQ==",
      "license": "MIT",
      "engines": {
        "node": ">= 18"
      }
    },
    "node_modules/@rails/request.js": {
      "version": "0.0.12",
      "resolved": "https://registry.npmjs.org/@rails/request.js/-/request.js-0.0.12.tgz",
      "integrity": "sha512-g3//JBja1s04Zflj7IoMLQuXza9i4ZvtLmm0r0dMwh1QQUs6rL2iKUOGGyERfLsd81SnXC5ucfVV//rtsDlEEA==",
      "license": "MIT",
      "peer": true
    },
    "node_modules/@stimulus-components/sortable": {
      "version": "5.0.2",
      "resolved": "https://registry.npmjs.org/@stimulus-components/sortable/-/sortable-5.0.2.tgz",
      "integrity": "sha512-7A8W/sBEkwA1x+ZU/iYgf2FLLtHvpKLQR3c2FABpovYyVq+I7gFxnKkv/qnX4Fh24d0MyWj/krpGY1pPvCXEZw==",
      "license": "MIT",
      "peerDependencies": {
        "@hotwired/stimulus": "^3",
        "@rails/request.js": "~0.0.8",
        "sortablejs": "^1.15.0"
      }
    },
    "node_modules/filepond": {
      "version": "4.32.9",
      "resolved": "https://registry.npmjs.org/filepond/-/filepond-4.32.9.tgz",
      "integrity": "sha512-MnNnRrTS1M/6C/puIs5dNkbP1RMGANFxnygwdweNXAxyeCS4S68UM4CdvmyF7UrZB93Fhop7Bea2Ib6rkrYHUw==",
      "license": "MIT"
    },
    "node_modules/filepond-plugin-file-validate-type": {
      "version": "1.2.9",
      "resolved": "https://registry.npmjs.org/filepond-plugin-file-validate-type/-/filepond-plugin-file-validate-type-1.2.9.tgz",
      "integrity": "sha512-Tzv07aNdZvjUXDRA3XL16QMEvh6llDrXlcZ6W0eTHQ+taHaVg/JKJTFs/AViO+6ZcpPCcQStbhYEL2HoS+vldw==",
      "license": "MIT",
      "peerDependencies": {
        "filepond": ">=1.x <5.x"
      }
    },
    "node_modules/filepond-plugin-image-preview": {
      "version": "4.6.12",
      "resolved": "https://registry.npmjs.org/filepond-plugin-image-preview/-/filepond-plugin-image-preview-4.6.12.tgz",
      "integrity": "sha512-Y8ETX5QVV0mbPB0586UH8AUmG9tZg8PuN5bdEAIlZVJFTct5ebViJ7+Am94/VhTPjLqZjBf1zmDq5JU6XRsZKw==",
      "license": "MIT",
      "peerDependencies": {
        "filepond": ">=4.x <5.x"
      }
    },
    "node_modules/lightgallery": {
      "version": "2.9.0",
      "resolved": "https://registry.npmjs.org/lightgallery/-/lightgallery-2.9.0.tgz",
      "integrity": "sha512-58Ud1DyhD2ao58t+kPEqSZrjFxg23tGd5ZKr75erm7q31g5xhUtWUJH3sTUkhHzlyJAKHj5eTrJ37HQRXG4Wbg==",
      "license": "GPLv3",
      "engines": {
        "node": ">=6.0.0"
      }
    },
    "node_modules/sortablejs": {
      "version": "1.15.6",
      "resolved": "https://registry.npmjs.org/sortablejs/-/sortablejs-1.15.6.tgz",
      "integrity": "sha512-aNfiuwMEpfBM/CN6LY0ibyhxPfPbyFeBTYJKCvzkJ2GkUpazIt3H+QIPAMHwqQ7tMKaHz1Qj+rJJCqljnf4p3A==",
      "license": "MIT"
    }
  }
}
